{
    "_readme": [
        "This file locks the dependencies of your project to a known state",
        "Read more about it at http://getcomposer.org/doc/01-basic-usage.md#composer-lock-the-lock-file"
    ],
    "hash": "c157ebd6a9ca17f796a378cd541f9ff2",
    "packages": [
        {
            "name": "beberlei/assert",
            "version": "v1.5",
            "source": {
                "type": "git",
                "url": "https://github.com/beberlei/assert.git",
                "reference": "b01a2868fcebcefc14ce3ae240d5b2fbba1d7126"
            },
            "dist": {
                "type": "zip",
                "url": "https://api.github.com/repos/beberlei/assert/zipball/b01a2868fcebcefc14ce3ae240d5b2fbba1d7126",
                "reference": "b01a2868fcebcefc14ce3ae240d5b2fbba1d7126",
                "shasum": ""
            },
            "require": {
                "ext-mbstring": "*"
            },
            "type": "library",
            "autoload": {
                "psr-0": {
                    "Assert": "lib/"
                }
            },
            "notification-url": "https://packagist.org/downloads/",
            "license": [
                "BSD-2-Clause"
            ],
            "authors": [
                {
                    "name": "Benjamin Eberlei",
                    "email": "kontakt@beberlei.de"
                }
            ],
            "description": "Thin assertion library for input validation in business models.",
            "keywords": [
                "assert",
                "assertion",
                "validation"
            ],
            "time": "2013-10-01 11:37:27"
        },
        {
            "name": "guzzle/common",
            "version": "dev-master",
            "target-dir": "Guzzle/Common",
            "source": {
                "type": "git",
                "url": "https://github.com/guzzle/common.git",
                "reference": "5126e268446c7e7df961b89128d71878e0652432"
            },
            "dist": {
                "type": "zip",
                "url": "https://api.github.com/repos/guzzle/common/zipball/5126e268446c7e7df961b89128d71878e0652432",
                "reference": "5126e268446c7e7df961b89128d71878e0652432",
                "shasum": ""
            },
            "require": {
                "php": ">=5.3.2",
                "symfony/event-dispatcher": ">=2.1"
            },
            "type": "library",
            "extra": {
                "branch-alias": {
                    "dev-master": "3.7-dev"
                }
            },
            "autoload": {
                "psr-0": {
                    "Guzzle\\Common": ""
                }
            },
            "notification-url": "https://packagist.org/downloads/",
            "license": [
                "MIT"
            ],
            "description": "Common libraries used by Guzzle",
            "homepage": "http://guzzlephp.org/",
            "keywords": [
                "collection",
                "common",
                "event",
                "exception"
            ],
            "time": "2013-10-02 20:47:00"
        },
        {
            "name": "guzzle/http",
            "version": "dev-master",
            "target-dir": "Guzzle/Http",
            "source": {
                "type": "git",
                "url": "https://github.com/guzzle/http.git",
                "reference": "3420035adcf312d62a2e64f3e6b3e3e590121786"
            },
            "dist": {
                "type": "zip",
                "url": "https://api.github.com/repos/guzzle/http/zipball/3420035adcf312d62a2e64f3e6b3e3e590121786",
                "reference": "3420035adcf312d62a2e64f3e6b3e3e590121786",
                "shasum": ""
            },
            "require": {
                "guzzle/common": "self.version",
                "guzzle/parser": "self.version",
                "guzzle/stream": "self.version",
                "php": ">=5.3.2"
            },
            "suggest": {
                "ext-curl": "*"
            },
            "type": "library",
            "extra": {
                "branch-alias": {
                    "dev-master": "3.7-dev"
                }
            },
            "autoload": {
                "psr-0": {
                    "Guzzle\\Http": ""
                }
            },
            "notification-url": "https://packagist.org/downloads/",
            "license": [
                "MIT"
            ],
            "authors": [
                {
                    "name": "Michael Dowling",
                    "email": "mtdowling@gmail.com",
                    "homepage": "https://github.com/mtdowling"
                }
            ],
            "description": "HTTP libraries used by Guzzle",
            "homepage": "http://guzzlephp.org/",
            "keywords": [
                "Guzzle",
                "client",
                "curl",
                "http",
                "http client"
            ],
            "time": "2013-09-20 22:05:53"
        },
        {
            "name": "guzzle/log",
            "version": "dev-master",
            "target-dir": "Guzzle/Log",
            "source": {
                "type": "git",
                "url": "https://github.com/guzzle/log.git",
                "reference": "5f8820a1ef4b98bb8ffa7c85c575f302762fccd0"
            },
            "dist": {
                "type": "zip",
                "url": "https://api.github.com/repos/guzzle/log/zipball/5f8820a1ef4b98bb8ffa7c85c575f302762fccd0",
                "reference": "5f8820a1ef4b98bb8ffa7c85c575f302762fccd0",
                "shasum": ""
            },
            "require": {
                "php": ">=5.3.2"
            },
            "suggest": {
                "guzzle/http": "dev-master"
            },
            "type": "library",
            "extra": {
                "branch-alias": {
                    "dev-master": "3.7-dev"
                }
            },
            "autoload": {
                "psr-0": {
                    "Guzzle\\Log": ""
                }
            },
            "notification-url": "https://packagist.org/downloads/",
            "license": [
                "MIT"
            ],
            "authors": [
                {
                    "name": "Michael Dowling",
                    "email": "mtdowling@gmail.com",
                    "homepage": "https://github.com/mtdowling"
                }
            ],
            "description": "Guzzle log adapter component",
            "homepage": "http://guzzlephp.org/",
            "keywords": [
                "Guzzle",
                "adapter",
                "log"
            ],
            "time": "2013-06-11 00:24:07"
        },
        {
            "name": "guzzle/parser",
            "version": "dev-master",
            "target-dir": "Guzzle/Parser",
            "source": {
                "type": "git",
                "url": "https://github.com/guzzle/parser.git",
                "reference": "a25c2ddda1c52fb69a4ee56eb530b13ddd9573c2"
            },
            "dist": {
                "type": "zip",
                "url": "https://api.github.com/repos/guzzle/parser/zipball/a25c2ddda1c52fb69a4ee56eb530b13ddd9573c2",
                "reference": "a25c2ddda1c52fb69a4ee56eb530b13ddd9573c2",
                "shasum": ""
            },
            "require": {
                "php": ">=5.3.2"
            },
            "type": "library",
            "extra": {
                "branch-alias": {
                    "dev-master": "3.7-dev"
                }
            },
            "autoload": {
                "psr-0": {
                    "Guzzle\\Parser": ""
                }
            },
            "notification-url": "https://packagist.org/downloads/",
            "license": [
                "MIT"
            ],
            "description": "Interchangeable parsers used by Guzzle",
            "homepage": "http://guzzlephp.org/",
            "keywords": [
                "URI Template",
                "cookie",
                "http",
                "message",
                "url"
            ],
            "time": "2013-07-11 22:46:03"
        },
        {
            "name": "guzzle/plugin-backoff",
            "version": "dev-master",
            "target-dir": "Guzzle/Plugin/Backoff",
            "source": {
                "type": "git",
                "url": "https://github.com/guzzle/plugin-backoff.git",
                "reference": "2dfe094c5012a4e4e8dfd9660f6bc8ae1ea9bc41"
            },
            "dist": {
                "type": "zip",
                "url": "https://api.github.com/repos/guzzle/plugin-backoff/zipball/2dfe094c5012a4e4e8dfd9660f6bc8ae1ea9bc41",
                "reference": "2dfe094c5012a4e4e8dfd9660f6bc8ae1ea9bc41",
                "shasum": ""
            },
            "require": {
                "guzzle/http": "self.version",
                "guzzle/log": "self.version",
                "php": ">=5.3.2"
            },
            "type": "library",
            "extra": {
                "branch-alias": {
                    "dev-master": "3.7-dev"
                }
            },
            "autoload": {
                "psr-0": {
                    "Guzzle\\Plugin\\Backoff": ""
                }
            },
            "notification-url": "https://packagist.org/downloads/",
            "license": [
                "MIT"
            ],
            "authors": [
                {
                    "name": "Michael Dowling",
                    "email": "mtdowling@gmail.com",
                    "homepage": "https://github.com/mtdowling"
                }
            ],
            "description": "Guzzle backoff retry plugins",
            "homepage": "http://guzzlephp.org/",
            "keywords": [
                "Guzzle",
                "plugin"
            ],
            "time": "2013-06-11 00:24:07"
        },
        {
            "name": "guzzle/stream",
            "version": "dev-master",
            "target-dir": "Guzzle/Stream",
            "source": {
                "type": "git",
                "url": "https://github.com/guzzle/stream.git",
                "reference": "a86111d9ac7db31d65a053c825869409fe8fc83f"
            },
            "dist": {
                "type": "zip",
                "url": "https://api.github.com/repos/guzzle/stream/zipball/a86111d9ac7db31d65a053c825869409fe8fc83f",
                "reference": "a86111d9ac7db31d65a053c825869409fe8fc83f",
                "shasum": ""
            },
            "require": {
                "guzzle/common": "self.version",
                "php": ">=5.3.2"
            },
            "suggest": {
                "guzzle/http": "To convert Guzzle request objects to PHP streams"
            },
            "type": "library",
            "extra": {
                "branch-alias": {
                    "dev-master": "3.7-dev"
                }
            },
            "autoload": {
                "psr-0": {
                    "Guzzle\\Stream": ""
                }
            },
            "notification-url": "https://packagist.org/downloads/",
            "license": [
                "MIT"
            ],
            "authors": [
                {
                    "name": "Michael Dowling",
                    "email": "mtdowling@gmail.com",
                    "homepage": "https://github.com/mtdowling"
                }
            ],
            "description": "Guzzle stream wrapper component",
            "homepage": "http://guzzlephp.org/",
            "keywords": [
                "Guzzle",
                "component",
                "stream"
            ],
            "time": "2013-07-30 22:07:23"
        },
        {
            "name": "php-vcr/php-vcr",
            "version": "dev-master",
            "source": {
                "type": "git",
                "url": "https://github.com/php-vcr/php-vcr.git",
                "reference": "1eb4bedf664a6f9351d2c85edd249dc4864b98d9"
            },
            "dist": {
                "type": "zip",
                "url": "https://api.github.com/repos/php-vcr/php-vcr/zipball/1eb4bedf664a6f9351d2c85edd249dc4864b98d9",
                "reference": "1eb4bedf664a6f9351d2c85edd249dc4864b98d9",
                "shasum": ""
            },
            "require": {
                "beberlei/assert": "1.*",
                "ext-curl": "*",
                "guzzle/http": "3.7.*",
                "guzzle/plugin-backoff": "3.7.*",
                "symfony/yaml": "2.*"
            },
            "require-dev": {
                "guzzle/plugin-mock": "3.7.*",
                "lapistano/proxy-object": "dev-master",
                "mikey179/vfsstream": "dev-master",
                "satooshi/php-coveralls": "dev-master"
            },
            "suggest": {
                "ext-runkit": "*"
            },
            "type": "library",
            "autoload": {
                "classmap": [
                    "src/"
                ]
            },
            "notification-url": "https://packagist.org/downloads/",
            "license": [
                "MIT"
            ],
            "authors": [
                {
                    "name": "Adrian Philipp",
                    "email": "mail@adrian-philipp.com"
                }
            ],
            "description": "Record your test suite's HTTP interactions and replay them during future test runs for fast, deterministic, accurate tests.",
            "time": "2013-10-13 08:29:55"
        },
        {
            "name": "php-vcr/phpunit-testlistener-vcr",
            "version": "dev-master",
            "source": {
                "type": "git",
                "url": "https://github.com/php-vcr/phpunit-testlistener-vcr.git",
                "reference": "2b3521a9593ff7c2a4938a202f378c0477e25466"
            },
            "dist": {
                "type": "zip",
                "url": "https://api.github.com/repos/php-vcr/phpunit-testlistener-vcr/zipball/2b3521a9593ff7c2a4938a202f378c0477e25466",
                "reference": "2b3521a9593ff7c2a4938a202f378c0477e25466",
                "shasum": ""
            },
            "require": {
                "php-vcr/php-vcr": "dev-master"
            },
            "type": "library",
            "notification-url": "https://packagist.org/downloads/",
            "license": [
                "MIT"
            ],
            "authors": [
                {
                    "name": "Adrian Philipp",
                    "email": "mail@adrian-philipp.com"
                }
            ],
            "description": "Integrates PHPUnit with PHP-VCR.",
            "time": "2013-10-13 08:36:19"
        },
        {
            "name": "phpunit/php-code-coverage",
            "version": "dev-master",
            "source": {
                "type": "git",
                "url": "https://github.com/sebastianbergmann/php-code-coverage.git",
                "reference": "dff200806109072c6f2f788b9499492fd73cae02"
            },
            "dist": {
                "type": "zip",
                "url": "https://api.github.com/repos/sebastianbergmann/php-code-coverage/zipball/dff200806109072c6f2f788b9499492fd73cae02",
                "reference": "dff200806109072c6f2f788b9499492fd73cae02",
                "shasum": ""
            },
            "require": {
                "php": ">=5.4.7",
                "phpunit/php-file-iterator": ">=1.3.0",
                "phpunit/php-text-template": ">=1.1.1",
                "phpunit/php-token-stream": ">=1.1.3",
                "sebastian/version": ">=1.0.0"
            },
            "require-dev": {
                "ext-xdebug": ">=2.2.1",
                "phpunit/phpunit": "dev-master"
            },
            "suggest": {
                "ext-dom": "*",
                "ext-xdebug": ">=2.2.1"
            },
            "type": "library",
            "extra": {
                "branch-alias": {
                    "dev-master": "1.3.x-dev"
                }
            },
            "autoload": {
                "classmap": [
                    "PHP/"
                ]
            },
            "notification-url": "https://packagist.org/downloads/",
            "include-path": [
                ""
            ],
            "license": [
                "BSD-3-Clause"
            ],
            "authors": [
                {
                    "name": "Sebastian Bergmann",
                    "email": "sb@sebastian-bergmann.de",
                    "role": "lead"
                }
            ],
            "description": "Library that provides collection, processing, and rendering functionality for PHP code coverage information.",
            "homepage": "https://github.com/sebastianbergmann/php-code-coverage",
            "keywords": [
                "coverage",
                "testing",
                "xunit"
            ],
            "time": "2013-10-04 20:11:09"
        },
        {
            "name": "phpunit/php-file-iterator",
            "version": "dev-master",
            "source": {
                "type": "git",
                "url": "https://github.com/sebastianbergmann/php-file-iterator.git",
                "reference": "acd690379117b042d1c8af1fafd61bde001bf6bb"
            },
            "dist": {
                "type": "zip",
                "url": "https://api.github.com/repos/sebastianbergmann/php-file-iterator/zipball/acd690379117b042d1c8af1fafd61bde001bf6bb",
                "reference": "acd690379117b042d1c8af1fafd61bde001bf6bb",
                "shasum": ""
            },
            "require": {
                "php": ">=5.3.3"
            },
            "type": "library",
            "autoload": {
                "classmap": [
                    "File/"
                ]
            },
            "notification-url": "https://packagist.org/downloads/",
            "include-path": [
                ""
            ],
            "license": [
                "BSD-3-Clause"
            ],
            "authors": [
                {
                    "name": "Sebastian Bergmann",
                    "email": "sb@sebastian-bergmann.de",
                    "role": "lead"
                }
            ],
            "description": "FilterIterator implementation that filters files based on a list of suffixes.",
            "homepage": "https://github.com/sebastianbergmann/php-file-iterator/",
            "keywords": [
                "filesystem",
                "iterator"
            ],
            "time": "2013-10-10 15:34:57"
        },
        {
            "name": "phpunit/php-text-template",
            "version": "dev-master",
            "source": {
                "type": "git",
                "url": "https://github.com/sebastianbergmann/php-text-template.git",
                "reference": "1eeef106193d2f8c539728e566bb4793071a9e18"
            },
            "dist": {
                "type": "zip",
                "url": "https://api.github.com/repos/sebastianbergmann/php-text-template/zipball/1eeef106193d2f8c539728e566bb4793071a9e18",
                "reference": "1eeef106193d2f8c539728e566bb4793071a9e18",
                "shasum": ""
            },
            "require": {
                "php": ">=5.3.3"
            },
            "type": "library",
            "autoload": {
                "classmap": [
                    "Text/"
                ]
            },
            "notification-url": "https://packagist.org/downloads/",
            "include-path": [
                ""
            ],
            "license": [
                "BSD-3-Clause"
            ],
            "authors": [
                {
                    "name": "Sebastian Bergmann",
                    "email": "sb@sebastian-bergmann.de",
                    "role": "lead"
                }
            ],
            "description": "Simple template engine.",
            "homepage": "https://github.com/sebastianbergmann/php-text-template/",
            "keywords": [
                "template"
            ],
            "time": "2013-01-07 10:56:17"
        },
        {
            "name": "phpunit/php-timer",
            "version": "dev-master",
            "source": {
                "type": "git",
                "url": "https://github.com/sebastianbergmann/php-timer.git",
                "reference": "19689d4354b295ee3d8c54b4f42c3efb69cbc17c"
            },
            "dist": {
                "type": "zip",
                "url": "https://api.github.com/repos/sebastianbergmann/php-timer/zipball/19689d4354b295ee3d8c54b4f42c3efb69cbc17c",
                "reference": "19689d4354b295ee3d8c54b4f42c3efb69cbc17c",
                "shasum": ""
            },
            "require": {
                "php": ">=5.3.3"
            },
            "type": "library",
            "autoload": {
                "classmap": [
                    "PHP/"
                ]
            },
            "notification-url": "https://packagist.org/downloads/",
            "include-path": [
                ""
            ],
            "license": [
                "BSD-3-Clause"
            ],
            "authors": [
                {
                    "name": "Sebastian Bergmann",
                    "email": "sb@sebastian-bergmann.de",
                    "role": "lead"
                }
            ],
            "description": "Utility class for timing",
            "homepage": "https://github.com/sebastianbergmann/php-timer/",
            "keywords": [
                "timer"
            ],
            "time": "2013-08-02 07:42:54"
        },
        {
            "name": "phpunit/php-token-stream",
            "version": "dev-master",
            "source": {
                "type": "git",
                "url": "https://github.com/sebastianbergmann/php-token-stream.git",
                "reference": "5220af2a7929aa35cf663d97c89ad3d50cf5fa3e"
            },
            "dist": {
                "type": "zip",
                "url": "https://api.github.com/repos/sebastianbergmann/php-token-stream/zipball/5220af2a7929aa35cf663d97c89ad3d50cf5fa3e",
                "reference": "5220af2a7929aa35cf663d97c89ad3d50cf5fa3e",
                "shasum": ""
            },
            "require": {
                "ext-tokenizer": "*",
                "php": ">=5.3.3"
            },
            "type": "library",
            "extra": {
                "branch-alias": {
                    "dev-master": "1.2-dev"
                }
            },
            "autoload": {
                "classmap": [
                    "PHP/"
                ]
            },
            "notification-url": "https://packagist.org/downloads/",
            "include-path": [
                ""
            ],
            "license": [
                "BSD-3-Clause"
            ],
            "authors": [
                {
                    "name": "Sebastian Bergmann",
                    "email": "sb@sebastian-bergmann.de",
                    "role": "lead"
                }
            ],
            "description": "Wrapper around PHP's tokenizer extension.",
            "homepage": "https://github.com/sebastianbergmann/php-token-stream/",
            "keywords": [
                "tokenizer"
            ],
            "time": "2013-09-13 04:58:23"
        },
        {
            "name": "phpunit/phpunit",
            "version": "dev-master",
            "source": {
                "type": "git",
                "url": "https://github.com/sebastianbergmann/phpunit.git",
                "reference": "61e996a1a8104a0e23cb0a10e5cf987a4e65e9be"
            },
            "dist": {
                "type": "zip",
                "url": "https://api.github.com/repos/sebastianbergmann/phpunit/zipball/61e996a1a8104a0e23cb0a10e5cf987a4e65e9be",
                "reference": "61e996a1a8104a0e23cb0a10e5cf987a4e65e9be",
                "shasum": ""
            },
            "require": {
                "ext-dom": "*",
                "ext-pcre": "*",
                "ext-reflection": "*",
                "ext-spl": "*",
                "php": ">=5.4.7",
                "phpunit/php-code-coverage": "1.3.*@dev",
                "phpunit/php-file-iterator": ">=1.3.1",
                "phpunit/php-text-template": ">=1.1.1",
                "phpunit/php-timer": ">=1.0.2",
                "phpunit/phpunit-mock-objects": "1.3.*@dev",
                "sebastian/diff": ">=1.1.0",
                "sebastian/exporter": ">=1.0.0",
                "sebastian/version": ">=1.0.0",
                "symfony/yaml": "~2.0"
            },
            "require-dev": {
                "pear-pear/pear": "1.9.4"
            },
            "suggest": {
                "ext-json": "*",
                "ext-simplexml": "*",
                "ext-tokenizer": "*",
                "phpunit/php-invoker": ">=1.1.0"
            },
            "bin": [
                "composer/bin/phpunit"
            ],
            "type": "library",
            "extra": {
                "branch-alias": {
                    "dev-master": "3.8.x-dev"
                }
            },
            "autoload": {
                "classmap": [
                    "PHPUnit/"
                ]
            },
            "notification-url": "https://packagist.org/downloads/",
            "include-path": [
                "",
                "../../symfony/yaml/"
            ],
            "license": [
                "BSD-3-Clause"
            ],
            "authors": [
                {
                    "name": "Sebastian Bergmann",
                    "email": "sebastian@phpunit.de",
                    "role": "lead"
                }
            ],
            "description": "The PHP Unit Testing framework.",
            "homepage": "http://www.phpunit.de/",
            "keywords": [
                "phpunit",
                "testing",
                "xunit"
            ],
            "time": "2013-10-12 10:07:14"
        },
        {
            "name": "phpunit/phpunit-mock-objects",
            "version": "dev-master",
            "source": {
                "type": "git",
                "url": "https://github.com/sebastianbergmann/phpunit-mock-objects.git",
                "reference": "346591b047bc04e22c0f608110087579f7518dba"
            },
            "dist": {
                "type": "zip",
                "url": "https://api.github.com/repos/sebastianbergmann/phpunit-mock-objects/zipball/346591b047bc04e22c0f608110087579f7518dba",
                "reference": "346591b047bc04e22c0f608110087579f7518dba",
                "shasum": ""
            },
            "require": {
                "php": ">=5.4.7",
                "phpunit/php-text-template": ">=1.1.1"
            },
            "require-dev": {
                "pear-pear/pear": "1.9.4",
                "phpunit/phpunit": "dev-master"
            },
            "suggest": {
                "ext-soap": "*"
            },
            "type": "library",
            "extra": {
                "branch-alias": {
                    "dev-master": "1.3.x-dev"
                }
            },
            "autoload": {
                "classmap": [
                    "PHPUnit/"
                ]
            },
            "notification-url": "https://packagist.org/downloads/",
            "include-path": [
                ""
            ],
            "license": [
                "BSD-3-Clause"
            ],
            "authors": [
                {
                    "name": "Sebastian Bergmann",
                    "email": "sb@sebastian-bergmann.de",
                    "role": "lead"
                }
            ],
            "description": "Mock Object library for PHPUnit",
            "homepage": "https://github.com/sebastianbergmann/phpunit-mock-objects/",
            "keywords": [
                "mock",
                "xunit"
            ],
            "time": "2013-08-31 07:18:20"
        },
        {
            "name": "sebastian/diff",
            "version": "dev-master",
            "source": {
                "type": "git",
                "url": "https://github.com/sebastianbergmann/diff.git",
                "reference": "1e091702a5a38e6b4c1ba9ca816e3dd343df2e2d"
            },
            "dist": {
                "type": "zip",
                "url": "https://api.github.com/repos/sebastianbergmann/diff/zipball/1e091702a5a38e6b4c1ba9ca816e3dd343df2e2d",
                "reference": "1e091702a5a38e6b4c1ba9ca816e3dd343df2e2d",
                "shasum": ""
            },
            "require": {
                "php": ">=5.3.3"
            },
            "type": "library",
            "extra": {
                "branch-alias": {
                    "dev-master": "1.1-dev"
                }
            },
            "autoload": {
                "classmap": [
                    "src/"
                ]
            },
            "notification-url": "https://packagist.org/downloads/",
            "license": [
                "BSD-3-Clause"
            ],
            "authors": [
                {
                    "name": "Sebastian Bergmann",
                    "email": "sebastian@phpunit.de",
                    "role": "lead"
                },
                {
                    "name": "Kore Nordmann",
                    "email": "mail@kore-nordmann.de"
                }
            ],
            "description": "Diff implementation",
            "homepage": "http://www.github.com/sebastianbergmann/diff",
            "keywords": [
                "diff"
            ],
            "time": "2013-08-03 16:46:33"
        },
        {
            "name": "sebastian/exporter",
            "version": "dev-master",
            "source": {
                "type": "git",
                "url": "https://github.com/sebastianbergmann/exporter.git",
                "reference": "7c801c2db02018e00a91026994eadb9fae51701f"
            },
            "dist": {
                "type": "zip",
                "url": "https://api.github.com/repos/sebastianbergmann/exporter/zipball/7c801c2db02018e00a91026994eadb9fae51701f",
                "reference": "7c801c2db02018e00a91026994eadb9fae51701f",
                "shasum": ""
            },
            "require": {
                "php": ">=5.3.3"
            },
            "type": "library",
            "extra": {
                "branch-alias": {
                    "dev-master": "1.0.x-dev"
                }
            },
            "autoload": {
                "classmap": [
                    "src/"
                ]
            },
            "notification-url": "https://packagist.org/downloads/",
            "license": [
                "BSD-3-Clause"
            ],
            "authors": [
                {
                    "name": "Sebastian Bergmann",
                    "email": "sebastian@phpunit.de",
                    "role": "lead"
                },
                {
                    "name": "Jeff Welch",
                    "email": "whatthejeff@gmail.com"
                },
                {
                    "name": "Volker Dusch",
                    "email": "github@wallbash.com"
                },
                {
                    "name": "Adam Harvey",
                    "email": "aharvey@php.net"
                },
                {
                    "name": "Bernhard Schussek",
                    "email": "bschussek@2bepublished.at"
                }
            ],
            "description": "Provides the functionality to export PHP variables for visualization",
            "homepage": "http://www.github.com/sebastianbergmann/exporter",
            "keywords": [
                "export",
                "exporter"
            ],
            "time": "2013-07-09 05:47:49"
        },
        {
            "name": "sebastian/version",
            "version": "dev-master",
            "source": {
                "type": "git",
                "url": "https://github.com/sebastianbergmann/version.git",
                "reference": "b5ed060223916b485002b02605e20ba04a741f03"
            },
            "dist": {
                "type": "zip",
                "url": "https://api.github.com/repos/sebastianbergmann/version/zipball/b5ed060223916b485002b02605e20ba04a741f03",
                "reference": "b5ed060223916b485002b02605e20ba04a741f03",
                "shasum": ""
            },
            "type": "library",
            "autoload": {
                "classmap": [
                    "src/"
                ]
            },
            "notification-url": "https://packagist.org/downloads/",
            "license": [
                "BSD-3-Clause"
            ],
            "authors": [
                {
                    "name": "Sebastian Bergmann",
                    "email": "sebastian@phpunit.de",
                    "role": "lead"
                }
            ],
            "description": "Library that helps with managing the version number of Git-hosted PHP projects",
            "homepage": "https://github.com/sebastianbergmann/version",
            "time": "2013-07-31 05:26:57"
        },
        {
            "name": "symfony/event-dispatcher",
            "version": "dev-master",
            "target-dir": "Symfony/Component/EventDispatcher",
            "source": {
                "type": "git",
                "url": "https://github.com/symfony/EventDispatcher.git",
                "reference": "9b4fe5757870682eb2251e283228a66d938265a8"
            },
            "dist": {
                "type": "zip",
                "url": "https://api.github.com/repos/symfony/EventDispatcher/zipball/9b4fe5757870682eb2251e283228a66d938265a8",
                "reference": "9b4fe5757870682eb2251e283228a66d938265a8",
                "shasum": ""
            },
            "require": {
                "php": ">=5.3.3"
            },
            "require-dev": {
                "symfony/dependency-injection": "~2.0"
            },
            "suggest": {
                "symfony/dependency-injection": "",
                "symfony/http-kernel": ""
            },
            "type": "library",
            "extra": {
                "branch-alias": {
                    "dev-master": "2.4-dev"
                }
            },
            "autoload": {
                "psr-0": {
                    "Symfony\\Component\\EventDispatcher\\": ""
                }
            },
            "notification-url": "https://packagist.org/downloads/",
            "license": [
                "MIT"
            ],
            "authors": [
                {
                    "name": "Fabien Potencier",
                    "email": "fabien@symfony.com"
                },
                {
                    "name": "Symfony Community",
                    "homepage": "http://symfony.com/contributors"
                }
            ],
            "description": "Symfony EventDispatcher Component",
            "homepage": "http://symfony.com",
            "time": "2013-09-19 09:47:34"
        },
        {
            "name": "symfony/yaml",
            "version": "dev-master",
            "target-dir": "Symfony/Component/Yaml",
            "source": {
                "type": "git",
                "url": "https://github.com/symfony/Yaml.git",
                "reference": "ef4878bcca171ebe7466be0505b85a710818d788"
            },
            "dist": {
                "type": "zip",
                "url": "https://api.github.com/repos/symfony/Yaml/zipball/ef4878bcca171ebe7466be0505b85a710818d788",
                "reference": "ef4878bcca171ebe7466be0505b85a710818d788",
                "shasum": ""
            },
            "require": {
                "php": ">=5.3.3"
            },
            "type": "library",
            "extra": {
                "branch-alias": {
                    "dev-master": "2.4-dev"
                }
            },
            "autoload": {
                "psr-0": {
                    "Symfony\\Component\\Yaml\\": ""
                }
            },
            "notification-url": "https://packagist.org/downloads/",
            "license": [
                "MIT"
            ],
            "authors": [
                {
                    "name": "Fabien Potencier",
                    "email": "fabien@symfony.com"
                },
                {
                    "name": "Symfony Community",
                    "homepage": "http://symfony.com/contributors"
                }
            ],
            "description": "Symfony Yaml Component",
            "homepage": "http://symfony.com",
            "time": "2013-09-22 18:04:51"
        }
    ],
    "packages-dev": [

    ],
    "aliases": [

    ],
    "minimum-stability": "dev",
    "stability-flags": {
        "phpunit/phpunit": 20,
        "php-vcr/php-vcr": 20,
        "php-vcr/phpunit-testlistener-vcr": 20
    },
    "platform": {
        "php": ">=5.3.3"
    },
    "platform-dev": [

    ]
}
